# THIS IS AN AUTOGENERATED FILE. DO NOT EDIT THIS FILE DIRECTLY.
# yarn lockfile v1


axios@^0.21.0:
  version "0.21.0"
  resolved "https://registry.yarnpkg.com/axios/-/axios-0.21.0.tgz#26df088803a2350dff2c27f96fef99fe49442aca"
  dependencies:
    follow-redirects "^1.10.0"

cron-parser@^2.7.3:
  version "2.18.0"
  resolved "https://registry.yarnpkg.com/cron-parser/-/cron-parser-2.18.0.tgz#de1bb0ad528c815548371993f81a54e5a089edcf"
  dependencies:
    is-nan "^1.3.0"
    moment-timezone "^0.5.31"

define-properties@^1.1.3:
  version "1.1.3"
  resolved "https://registry.yarnpkg.com/define-properties/-/define-properties-1.1.3.tgz#cf88da6cbee26fe6db7094f61d870cbd84cee9f1"
  dependencies:
    object-keys "^1.0.12"

follow-redirects@^1.10.0:
  version "1.13.0"
  resolved "https://registry.yarnpkg.com/follow-redirects/-/follow-redirects-1.13.0.tgz#b42e8d93a2a7eea5ed88633676d6597bc8e384db"

is-nan@^1.3.0:
  version "1.3.0"
  resolved "https://registry.yarnpkg.com/is-nan/-/is-nan-1.3.0.tgz#85d1f5482f7051c2019f5673ccebdb06f3b0db03"
  dependencies:
    define-properties "^1.1.3"

long-timeout@0.1.1:
  version "0.1.1"
  resolved "https://registry.yarnpkg.com/long-timeout/-/long-timeout-0.1.1.tgz#9721d788b47e0bcb5a24c2e2bee1a0da55dab514"

moment-timezone@^0.5.31:
  version "0.5.32"
  resolved "https://registry.yarnpkg.com/moment-timezone/-/moment-timezone-0.5.32.tgz#db7677cc3cc680fd30303ebd90b0da1ca0dfecc2"
  dependencies:
    moment ">= 2.9.0"

"moment@>= 2.9.0", moment@^2.29.1:
  version "2.29.1"
  resolved "https://registry.yarnpkg.com/moment/-/moment-2.29.1.tgz#b2be769fa31940be9eeea6469c075e35006fa3d3"

node-schedule@^1.3.2:
  version "1.3.2"
  resolved "https://registry.yarnpkg.com/node-schedule/-/node-schedule-1.3.2.tgz#d774b383e2a6f6ade59eecc62254aea07cd758cb"
  dependencies:
    cron-parser "^2.7.3"
    long-timeout "0.1.1"
    sorted-array-functions "^1.0.0"

nodemailer@^6.4.17:
  version "6.4.17"
  resolved "https://registry.yarnpkg.com/nodemailer/-/nodemailer-6.4.17.tgz#8de98618028953b80680775770f937243a7d7877"

object-keys@^1.0.12:
  version "1.1.1"
  resolved "https://registry.yarnpkg.com/object-keys/-/object-keys-1.1.1.tgz#1c47f272df277f3b1daf061677d9c82e2322c60e"

sorted-array-functions@^1.0.0:
  version "1.3.0"
  resolved "https://registry.yarnpkg.com/sorted-array-functions/-/sorted-array-functions-1.3.0.tgz#8605695563294dffb2c9796d602bd8459f7a0dd5"
